// !$*UTF8*$!
{
	archiveVersion = 1;
	classes = {
	};
	objectVersion = 56;
	objects = {

/* Begin PBXBuildFile section */
		C9787FA22C935A85006B971C /* AppDelegate.swift in Sources */ = {isa = PBXBuildFile; fileRef = C9787FA12C935A85006B971C /* AppDelegate.swift */; };
		C9787FA42C935A85006B971C /* SceneDelegate.swift in Sources */ = {isa = PBXBuildFile; fileRef = C9787FA32C935A85006B971C /* SceneDelegate.swift */; };
		C9787FA62C935A85006B971C /* ViewController.swift in Sources */ = {isa = PBXBuildFile; fileRef = C9787FA52C935A85006B971C /* ViewController.swift */; };
		C9787FA92C935A85006B971C /* Base in Resources */ = {isa = PBXBuildFile; fileRef = C9787FA82C935A85006B971C /* Base */; };
		C9787FAB2C935A88006B971C /* Assets.xcassets in Resources */ = {isa = PBXBuildFile; fileRef = C9787FAA2C935A88006B971C /* Assets.xcassets */; };
		C9787FAE2C935A88006B971C /* Base in Resources */ = {isa = PBXBuildFile; fileRef = C9787FAD2C935A88006B971C /* Base */; };
		C9787FBB2C935D45006B971C /* AmazonCollectionCell.swift in Sources */ = {isa = PBXBuildFile; fileRef = C9787FB92C935D45006B971C /* AmazonCollectionCell.swift */; };
		C9787FBC2C935D45006B971C /* AmazonCollectionCell.xib in Resources */ = {isa = PBXBuildFile; fileRef = C9787FBA2C935D45006B971C /* AmazonCollectionCell.xib */; };
		C9787FBF2C9360CC006B971C /* MenuCollectionCell.swift in Sources */ = {isa = PBXBuildFile; fileRef = C9787FBD2C9360CC006B971C /* MenuCollectionCell.swift */; };
		C9787FC02C9360CC006B971C /* MenuCollectionCell.xib in Resources */ = {isa = PBXBuildFile; fileRef = C9787FBE2C9360CC006B971C /* MenuCollectionCell.xib */; };
		C9787FC32C937685006B971C /* HorizontalScroll.swift in Sources */ = {isa = PBXBuildFile; fileRef = C9787FC12C937685006B971C /* HorizontalScroll.swift */; };
		C9787FC42C937685006B971C /* HorizontalScroll.xib in Resources */ = {isa = PBXBuildFile; fileRef = C9787FC22C937685006B971C /* HorizontalScroll.xib */; };
		C9787FC72C9377AD006B971C /* HorizontalScrollCell.swift in Sources */ = {isa = PBXBuildFile; fileRef = C9787FC52C9377AD006B971C /* HorizontalScrollCell.swift */; };
		C9787FC82C9377AD006B971C /* HorizontalScrollCell.xib in Resources */ = {isa = PBXBuildFile; fileRef = C9787FC62C9377AD006B971C /* HorizontalScrollCell.xib */; };
		C9787FCB2C938095006B971C /* ClickableCell.swift in Sources */ = {isa = PBXBuildFile; fileRef = C9787FC92C938095006B971C /* ClickableCell.swift */; };
		C9787FCC2C938095006B971C /* ClickableCell.xib in Resources */ = {isa = PBXBuildFile; fileRef = C9787FCA2C938095006B971C /* ClickableCell.xib */; };
/* End PBXBuildFile section */

/* Begin PBXFileReference section */
		C9787F9E2C935A85006B971C /* RealEstateHomeScreen.app */ = {isa = PBXFileReference; explicitFileType = wrapper.application; includeInIndex = 0; path = RealEstateHomeScreen.app; sourceTree = BUILT_PRODUCTS_DIR; };
		C9787FA12C935A85006B971C /* AppDelegate.swift */ = {isa = PBXFileReference; lastKnownFileType = sourcecode.swift; path = AppDelegate.swift; sourceTree = "<group>"; };
		C9787FA32C935A85006B971C /* SceneDelegate.swift */ = {isa = PBXFileReference; lastKnownFileType = sourcecode.swift; path = SceneDelegate.swift; sourceTree = "<group>"; };
		C9787FA52C935A85006B971C /* ViewController.swift */ = {isa = PBXFileReference; lastKnownFileType = sourcecode.swift; path = ViewController.swift; sourceTree = "<group>"; };
		C9787FA82C935A85006B971C /* Base */ = {isa = PBXFileReference; lastKnownFileType = file.storyboard; name = Base; path = Base.lproj/Main.storyboard; sourceTree = "<group>"; };
		C9787FAA2C935A88006B971C /* Assets.xcassets */ = {isa = PBXFileReference; lastKnownFileType = folder.assetcatalog; path = Assets.xcassets; sourceTree = "<group>"; };
		C9787FAD2C935A88006B971C /* Base */ = {isa = PBXFileReference; lastKnownFileType = file.storyboard; name = Base; path = Base.lproj/LaunchScreen.storyboard; sourceTree = "<group>"; };
		C9787FAF2C935A88006B971C /* Info.plist */ = {isa = PBXFileReference; lastKnownFileType = text.plist.xml; path = Info.plist; sourceTree = "<group>"; };
		C9787FB92C935D45006B971C /* AmazonCollectionCell.swift */ = {isa = PBXFileReference; lastKnownFileType = sourcecode.swift; path = AmazonCollectionCell.swift; sourceTree = "<group>"; };
		C9787FBA2C935D45006B971C /* AmazonCollectionCell.xib */ = {isa = PBXFileReference; lastKnownFileType = file.xib; path = AmazonCollectionCell.xib; sourceTree = "<group>"; };
		C9787FBD2C9360CC006B971C /* MenuCollectionCell.swift */ = {isa = PBXFileReference; lastKnownFileType = sourcecode.swift; path = MenuCollectionCell.swift; sourceTree = "<group>"; };
		C9787FBE2C9360CC006B971C /* MenuCollectionCell.xib */ = {isa = PBXFileReference; lastKnownFileType = file.xib; path = MenuCollectionCell.xib; sourceTree = "<group>"; };
		C9787FC12C937685006B971C /* HorizontalScroll.swift */ = {isa = PBXFileReference; lastKnownFileType = sourcecode.swift; path = HorizontalScroll.swift; sourceTree = "<group>"; };
		C9787FC22C937685006B971C /* HorizontalScroll.xib */ = {isa = PBXFileReference; lastKnownFileType = file.xib; path = HorizontalScroll.xib; sourceTree = "<group>"; };
		C9787FC52C9377AD006B971C /* HorizontalScrollCell.swift */ = {isa = PBXFileReference; lastKnownFileType = sourcecode.swift; path = HorizontalScrollCell.swift; sourceTree = "<group>"; };
		C9787FC62C9377AD006B971C /* HorizontalScrollCell.xib */ = {isa = PBXFileReference; lastKnownFileType = file.xib; path = HorizontalScrollCell.xib; sourceTree = "<group>"; };
		C9787FC92C938095006B971C /* ClickableCell.swift */ = {isa = PBXFileReference; lastKnownFileType = sourcecode.swift; path = ClickableCell.swift; sourceTree = "<group>"; };
		C9787FCA2C938095006B971C /* ClickableCell.xib */ = {isa = PBXFileReference; lastKnownFileType = file.xib; path = ClickableCell.xib; sourceTree = "<group>"; };
/* End PBXFileReference section */

/* Begin PBXFrameworksBuildPhase section */
		C9787F9B2C935A85006B971C /* Frameworks */ = {
			isa = PBXFrameworksBuildPhase;
			buildActionMask = 2147483647;
			files = (
			);
			runOnlyForDeploymentPostprocessing = 0;
		};
/* End PBXFrameworksBuildPhase section */

/* Begin PBXGroup section */
		C9787F952C935A85006B971C = {
			isa = PBXGroup;
			children = (
				C9787FA02C935A85006B971C /* RealEstateHomeScreen */,
				C9787F9F2C935A85006B971C /* Products */,
			);
			sourceTree = "<group>";
		};
		C9787F9F2C935A85006B971C /* Products */ = {
			isa = PBXGroup;
			children = (
				C9787F9E2C935A85006B971C /* RealEstateHomeScreen.app */,
			);
			name = Products;
			sourceTree = "<group>";
		};
		C9787FA02C935A85006B971C /* RealEstateHomeScreen */ = {
			isa = PBXGroup;
			children = (
				C9787FA12C935A85006B971C /* AppDelegate.swift */,
				C9787FA32C935A85006B971C /* SceneDelegate.swift */,
				C9787FC92C938095006B971C /* ClickableCell.swift */,
				C9787FCA2C938095006B971C /* ClickableCell.xib */,
				C9787FB92C935D45006B971C /* AmazonCollectionCell.swift */,
				C9787FBD2C9360CC006B971C /* MenuCollectionCell.swift */,
				C9787FC12C937685006B971C /* HorizontalScroll.swift */,
				C9787FC22C937685006B971C /* HorizontalScroll.xib */,
				C9787FC52C9377AD006B971C /* HorizontalScrollCell.swift */,
				C9787FC62C9377AD006B971C /* HorizontalScrollCell.xib */,
				C9787FBE2C9360CC006B971C /* MenuCollectionCell.xib */,
				C9787FBA2C935D45006B971C /* AmazonCollectionCell.xib */,
				C9787FA52C935A85006B971C /* ViewController.swift */,
				C9787FA72C935A85006B971C /* Main.storyboard */,
				C9787FAA2C935A88006B971C /* Assets.xcassets */,
				C9787FAC2C935A88006B971C /* LaunchScreen.storyboard */,
				C9787FAF2C935A88006B971C /* Info.plist */,
			);
			path = RealEstateHomeScreen;
			sourceTree = "<group>";
		};
/* End PBXGroup section */

/* Begin PBXNativeTarget section */
		C9787F9D2C935A85006B971C /* RealEstateHomeScreen */ = {
			isa = PBXNativeTarget;
			buildConfigurationList = C9787FB22C935A88006B971C /* Build configuration list for PBXNativeTarget "RealEstateHomeScreen" */;
			buildPhases = (
				C9787F9A2C935A85006B971C /* Sources */,
				C9787F9B2C935A85006B971C /* Frameworks */,
				C9787F9C2C935A85006B971C /* Resources */,
			);
			buildRules = (
			);
			dependencies = (
			);
			name = RealEstateHomeScreen;
			productName = RealEstateHomeScreen;
			productReference = C9787F9E2C935A85006B971C /* RealEstateHomeScreen.app */;
			productType = "com.apple.product-type.application";
		};
/* End PBXNativeTarget section */

/* Begin PBXProject section */
		C9787F962C935A85006B971C /* Project object */ = {
			isa = PBXProject;
			attributes = {
				BuildIndependentTargetsInParallel = 1;
				LastSwiftUpdateCheck = 1540;
				LastUpgradeCheck = 1540;
				TargetAttributes = {
					C9787F9D2C935A85006B971C = {
						CreatedOnToolsVersion = 15.4;
					};
				};
			};
			buildConfigurationList = C9787F992C935A85006B971C /* Build configuration list for PBXProject "RealEstateHomeScreen" */;
			compatibilityVersion = "Xcode 14.0";
			developmentRegion = en;
			hasScannedForEncodings = 0;
			knownRegions = (
				en,
				Base,
			);
			mainGroup = C9787F952C935A85006B971C;
			productRefGroup = C9787F9F2C935A85006B971C /* Products */;
			projectDirPath = "";
			projectRoot = "";
			targets = (
				C9787F9D2C935A85006B971C /* RealEstateHomeScreen */,
			);
		};
/* End PBXProject section */

/* Begin PBXResourcesBuildPhase section */
		C9787F9C2C935A85006B971C /* Resources */ = {
			isa = PBXResourcesBuildPhase;
			buildActionMask = 2147483647;
			files = (
				C9787FAB2C935A88006B971C /* Assets.xcassets in Resources */,
				C9787FC02C9360CC006B971C /* MenuCollectionCell.xib in Resources */,
				C9787FC42C937685006B971C /* HorizontalScroll.xib in Resources */,
				C9787FAE2C935A88006B971C /* Base in Resources */,
				C9787FCC2C938095006B971C /* ClickableCell.xib in Resources */,
				C9787FC82C9377AD006B971C /* HorizontalScrollCell.xib in Resources */,
				C9787FA92C935A85006B971C /* Base in Resources */,
				C9787FBC2C935D45006B971C /* AmazonCollectionCell.xib in Resources */,
			);
			runOnlyForDeploymentPostprocessing = 0;
		};
/* End PBXResourcesBuildPhase section */

/* Begin PBXSourcesBuildPhase section */
		C9787F9A2C935A85006B971C /* Sources */ = {
			isa = PBXSourcesBuildPhase;
			buildActionMask = 2147483647;
			files = (
				C9787FCB2C938095006B971C /* ClickableCell.swift in Sources */,
				C9787FA62C935A85006B971C /* ViewController.swift in Sources */,
				C9787FBF2C9360CC006B971C /* MenuCollectionCell.swift in Sources */,
				C9787FC72C9377AD006B971C /* HorizontalScrollCell.swift in Sources */,
				C9787FC32C937685006B971C /* HorizontalScroll.swift in Sources */,
				C9787FA22C935A85006B971C /* AppDelegate.swift in Sources */,
				C9787FA42C935A85006B971C /* SceneDelegate.swift in Sources */,
				C9787FBB2C935D45006B971C /* AmazonCollectionCell.swift in Sources */,
			);
			runOnlyForDeploymentPostprocessing = 0;
		};
/* End PBXSourcesBuildPhase section */

/* Begin PBXVariantGroup section */
		C9787FA72C935A85006B971C /* Main.storyboard */ = {
			isa = PBXVariantGroup;
			children = (
				C9787FA82C935A85006B971C /* Base */,
			);
			name = Main.storyboard;
			sourceTree = "<group>";
		};
		C9787FAC2C935A88006B971C /* LaunchScreen.storyboard */ = {
			isa = PBXVariantGroup;
			children = (
				C9787FAD2C935A88006B971C /* Base */,
			);
			name = LaunchScreen.storyboard;
			sourceTree = "<group>";
		};
/* End PBXVariantGroup section */

/* Begin XCBuildConfiguration section */
		C9787FB02C935A88006B971C /* Debug */ = {
			isa = XCBuildConfiguration;
			buildSettings = {
				ALWAYS_SEARCH_USER_PATHS = NO;
				ASSETCATALOG_COMPILER_GENERATE_SWIFT_ASSET_SYMBOL_EXTENSIONS = YES;
				CLANG_ANALYZER_NONNULL = YES;
				CLANG_ANALYZER_NUMBER_OBJECT_CONVERSION = YES_AGGRESSIVE;
				CLANG_CXX_LANGUAGE_STANDARD = "gnu++20";
				CLANG_ENABLE_MODULES = YES;
				CLANG_ENABLE_OBJC_ARC = YES;
				CLANG_ENABLE_OBJC_WEAK = YES;
				CLANG_WARN_BLOCK_CAPTURE_AUTORELEASING = YES;
				CLANG_WARN_BOOL_CONVERSION = YES;
				CLANG_WARN_COMMA = YES;
				CLANG_WARN_CONSTANT_CONVERSION = YES;
				CLANG_WARN_DEPRECATED_OBJC_IMPLEMENTATIONS = YES;
				CLANG_WARN_DIRECT_OBJC_ISA_USAGE = YES_ERROR;
				CLANG_WARN_DOCUMENTATION_COMMENTS = YES;
				CLANG_WARN_EMPTY_BODY = YES;
				CLANG_WARN_ENUM_CONVERSION = YES;
				CLANG_WARN_INFINITE_RECURSION = YES;
				CLANG_WARN_INT_CONVERSION = YES;
				CLANG_WARN_NON_LITERAL_NULL_CONVERSION = YES;
				CLANG_WARN_OBJC_IMPLICIT_RETAIN_SELF = YES;
				CLANG_WARN_OBJC_LITERAL_CONVERSION = YES;
				CLANG_WARN_OBJC_ROOT_CLASS = YES_ERROR;
				CLANG_WARN_QUOTED_INCLUDE_IN_FRAMEWORK_HEADER = YES;
				CLANG_WARN_RANGE_LOOP_ANALYSIS = YES;
				CLANG_WARN_STRICT_PROTOTYPES = YES;
				CLANG_WARN_SUSPICIOUS_MOVE = YES;
				CLANG_WARN_UNGUARDED_AVAILABILITY = YES_AGGRESSIVE;
				CLANG_WARN_UNREACHABLE_CODE = YES;
				CLANG_WARN__DUPLICATE_METHOD_MATCH = YES;
				COPY_PHASE_STRIP = NO;
				DEBUG_INFORMATION_FORMAT = dwarf;
				ENABLE_STRICT_OBJC_MSGSEND = YES;
				ENABLE_TESTABILITY = YES;
				ENABLE_USER_SCRIPT_SANDBOXING = YES;
				GCC_C_LANGUAGE_STANDARD = gnu17;
				GCC_DYNAMIC_NO_PIC = NO;
				GCC_NO_COMMON_BLOCKS = YES;
				GCC_OPTIMIZATION_LEVEL = 0;
				GCC_PREPROCESSOR_DEFINITIONS = (
					"DEBUG=1",
					"$(inherited)",
				);
				GCC_WARN_64_TO_32_BIT_CONVERSION = YES;
				GCC_WARN_ABOUT_RETURN_TYPE = YES_ERROR;
				GCC_WARN_UNDECLARED_SELECTOR = YES;
				GCC_WARN_UNINITIALIZED_AUTOS = YES_AGGRESSIVE;
				GCC_WARN_UNUSED_FUNCTION = YES;
				GCC_WARN_UNUSED_VARIABLE = YES;
				IPHONEOS_DEPLOYMENT_TARGET = 17.5;
				LOCALIZATION_PREFERS_STRING_CATALOGS = YES;
				MTL_ENABLE_DEBUG_INFO = INCLUDE_SOURCE;
				MTL_FAST_MATH = YES;
				ONLY_ACTIVE_ARCH = YES;
				SDKROOT = iphoneos;
				SWIFT_ACTIVE_COMPILATION_CONDITIONS = "DEBUG $(inherited)";
				SWIFT_OPTIMIZATION_LEVEL = "-Onone";
			};
			name = Debug;
		};
		C9787FB12C935A88006B971C /* Release */ = {
			isa = XCBuildConfiguration;
			buildSettings = {
				ALWAYS_SEARCH_USER_PATHS = NO;
				ASSETCATALOG_COMPILER_GENERATE_SWIFT_ASSET_SYMBOL_EXTENSIONS = YES;
				CLANG_ANALYZER_NONNULL = YES;
				CLANG_ANALYZER_NUMBER_OBJECT_CONVERSION = YES_AGGRESSIVE;
				CLANG_CXX_LANGUAGE_STANDARD = "gnu++20";
				CLANG_ENABLE_MODULES = YES;
				CLANG_ENABLE_OBJC_ARC = YES;
				CLANG_ENABLE_OBJC_WEAK = YES;
				CLANG_WARN_BLOCK_CAPTURE_AUTORELEASING = YES;
				CLANG_WARN_BOOL_CONVERSION = YES;
				CLANG_WARN_COMMA = YES;
				CLANG_WARN_CONSTANT_CONVERSION = YES;
				CLANG_WARN_DEPRECATED_OBJC_IMPLEMENTATIONS = YES;
				CLANG_WARN_DIRECT_OBJC_ISA_USAGE = YES_ERROR;
				CLANG_WARN_DOCUMENTATION_COMMENTS = YES;
				CLANG_WARN_EMPTY_BODY = YES;
				CLANG_WARN_ENUM_CONVERSION = YES;
				CLANG_WARN_INFINITE_RECURSION = YES;
				CLANG_WARN_INT_CONVERSION = YES;
				CLANG_WARN_NON_LITERAL_NULL_CONVERSION = YES;
				CLANG_WARN_OBJC_IMPLICIT_RETAIN_SELF = YES;
				CLANG_WARN_OBJC_LITERAL_CONVERSION = YES;
				CLANG_WARN_OBJC_ROOT_CLASS = YES_ERROR;
				CLANG_WARN_QUOTED_INCLUDE_IN_FRAMEWORK_HEADER = YES;
				CLANG_WARN_RANGE_LOOP_ANALYSIS = YES;
				CLANG_WARN_STRICT_PROTOTYPES = YES;
				CLANG_WARN_SUSPICIOUS_MOVE = YES;
				CLANG_WARN_UNGUARDED_AVAILABILITY = YES_AGGRESSIVE;
				CLANG_WARN_UNREACHABLE_CODE = YES;
				CLANG_WARN__DUPLICATE_METHOD_MATCH = YES;
				COPY_PHASE_STRIP = NO;
				DEBUG_INFORMATION_FORMAT = "dwarf-with-dsym";
				ENABLE_NS_ASSERTIONS = NO;
				ENABLE_STRICT_OBJC_MSGSEND = YES;
				ENABLE_USER_SCRIPT_SANDBOXING = YES;
				GCC_C_LANGUAGE_STANDARD = gnu17;
				GCC_NO_COMMON_BLOCKS = YES;
				GCC_WARN_64_TO_32_BIT_CONVERSION = YES;
				GCC_WARN_ABOUT_RETURN_TYPE = YES_ERROR;
				GCC_WARN_UNDECLARED_SELECTOR = YES;
				GCC_WARN_UNINITIALIZED_AUTOS = YES_AGGRESSIVE;
				GCC_WARN_UNUSED_FUNCTION = YES;
				GCC_WARN_UNUSED_VARIABLE = YES;
				IPHONEOS_DEPLOYMENT_TARGET = 17.5;
				LOCALIZATION_PREFERS_STRING_CATALOGS = YES;
				MTL_ENABLE_DEBUG_INFO = NO;
				MTL_FAST_MATH = YES;
				SDKROOT = iphoneos;
				SWIFT_COMPILATION_MODE = wholemodule;
				VALIDATE_PRODUCT = YES;
			};
			name = Release;
		};
		C9787FB32C935A88006B971C /* Debug */ = {
			isa = XCBuildConfiguration;
			buildSettings = {
				ASSETCATALOG_COMPILER_APPICON_NAME = AppIcon;
				ASSETCATALOG_COMPILER_GLOBAL_ACCENT_COLOR_NAME = AccentColor;
				CODE_SIGN_STYLE = Automatic;
				CURRENT_PROJECT_VERSION = 1;
				DEVELOPMENT_TEAM = FJ42WF89B8;
				GENERATE_INFOPLIST_FILE = YES;
				INFOPLIST_FILE = RealEstateHomeScreen/Info.plist;
				INFOPLIST_KEY_UIApplicationSupportsIndirectInputEvents = YES;
				INFOPLIST_KEY_UILaunchStoryboardName = LaunchScreen;
				INFOPLIST_KEY_UIMainStoryboardFile = Main;
				INFOPLIST_KEY_UISupportedInterfaceOrientations_iPad = "UIInterfaceOrientationPortrait UIInterfaceOrientationPortraitUpsideDown UIInterfaceOrientationLandscapeLeft UIInterfaceOrientationLandscapeRight";
				INFOPLIST_KEY_UISupportedInterfaceOrientations_iPhone = "UIInterfaceOrientationPortrait UIInterfaceOrientationLandscapeLeft UIInterfaceOrientationLandscapeRight";
				IPHONEOS_DEPLOYMENT_TARGET = 17.0;
				LD_RUNPATH_SEARCH_PATHS = (
					"$(inherited)",
					"@executable_path/Frameworks",
				);
				MARKETING_VERSION = 1.0;
				PRODUCT_BUNDLE_IDENTIFIER = com.example.moradd.RealEstateHomeScreen;
				PRODUCT_NAME = "$(TARGET_NAME)";
				SWIFT_EMIT_LOC_STRINGS = YES;
				SWIFT_VERSION = 5.0;
				TARGETED_DEVICE_FAMILY = "1,2";
			};
			name = Debug;
		};
		C9787FB42C935A88006B971C /* Release */ = {
			isa = XCBuildConfiguration;
			buildSettings = {
				ASSETCATALOG_COMPILER_APPICON_NAME = AppIcon;
				ASSETCATALOG_COMPILER_GLOBAL_ACCENT_COLOR_NAME = AccentColor;
				CODE_SIGN_STYLE = Automatic;
				CURRENT_PROJECT_VERSION = 1;
				DEVELOPMENT_TEAM = FJ42WF89B8;
				GENERATE_INFOPLIST_FILE = YES;
				INFOPLIST_FILE = RealEstateHomeScreen/Info.plist;
				INFOPLIST_KEY_UIApplicationSupportsIndirectInputEvents = YES;
				INFOPLIST_KEY_UILaunchStoryboardName = LaunchScreen;
				INFOPLIST_KEY_UIMainStoryboardFile = Main;
				INFOPLIST_KEY_UISupportedInterfaceOrientations_iPad = "UIInterfaceOrientationPortrait UIInterfaceOrientationPortraitUpsideDown UIInterfaceOrientationLandscapeLeft UIInterfaceOrientationLandscapeRight";
				INFOPLIST_KEY_UISupportedInterfaceOrientations_iPhone = "UIInterfaceOrientationPortrait UIInterfaceOrientationLandscapeLeft UIInterfaceOrientationLandscapeRight";
				IPHONEOS_DEPLOYMENT_TARGET = 17.0;
				LD_RUNPATH_SEARCH_PATHS = (
					"$(inherited)",
					"@executable_path/Frameworks",
				);
				MARKETING_VERSION = 1.0;
				PRODUCT_BUNDLE_IDENTIFIER = com.example.moradd.RealEstateHomeScreen;
				PRODUCT_NAME = "$(TARGET_NAME)";
				SWIFT_EMIT_LOC_STRINGS = YES;
				SWIFT_VERSION = 5.0;
				TARGETED_DEVICE_FAMILY = "1,2";
			};
			name = Release;
		};
/* End XCBuildConfiguration section */

/* Begin XCConfigurationList section */
		C9787F992C935A85006B971C /* Build configuration list for PBXProject "RealEstateHomeScreen" */ = {
			isa = XCConfigurationList;
			buildConfigurations = (
				C9787FB02C935A88006B971C /* Debug */,
				C9787FB12C935A88006B971C /* Release */,
			);
			defaultConfigurationIsVisible = 0;
			defaultConfigurationName = Release;
		};
		C9787FB22C935A88006B971C /* Build configuration list for PBXNativeTarget "RealEstateHomeScreen" */ = {
			isa = XCConfigurationList;
			buildConfigurations = (
				C9787FB32C935A88006B971C /* Debug */,
				C9787FB42C935A88006B971C /* Release */,
			);
			defaultConfigurationIsVisible = 0;
			defaultConfigurationName = Release;
		};
/* End XCConfigurationList section */
	};
	rootObject = C9787F962C935A85006B971C /* Project object */;
}
